dependencies:
- name: backend
  repository: file://../backend
  version: 1.0.0
- name: frontend
  repository: file://../frontend
  version: 1.0.0
- name: public-backend
  repository: file://../public-backend
  version: 1.2.0
- name: public-frontend
  repository: file://../public-frontend
  version: 0.1.0
digest: sha256:589470463c029c92cd268f39ab507a646611f26c0b26582c99279fc0a8aae0fc
generated: "2026-05-01T08:15:07.8662858-07:00"
